
Microsoft Visual Studio Solution File, Format Version 12.00
# Visual Studio 15
VisualStudioVersion = 15.0.28307.489
MinimumVisualStudioVersion = 10.0.40219.1
Project("{FAE04EC0-301F-11D3-BF4B-00C04F79EFBC}") = "ExercicioOO-01", "ExercicioOO-01\ExercicioOO-01.csproj", "{A551F77B-1BF1-4EDC-A2F8-971AC85D5FDB}"
EndProject
Global
	GlobalSection(SolutionConfigurationPlatforms) = preSolution
		Debug|Any CPU = Debug|Any CPU
		Release|Any CPU = Release|Any CPU
	EndGlobalSection
	GlobalSection(ProjectConfigurationPlatforms) = postSolution
		{A551F77B-1BF1-4EDC-A2F8-971AC85D5FDB}.Debug|Any CPU.ActiveCfg = Debug|Any CPU
		{A551F77B-1BF1-4EDC-A2F8-971AC85D5FDB}.Debug|Any CPU.Build.0 = Debug|Any CPU
		{A551F77B-1BF1-4EDC-A2F8-971AC85D5FDB}.Release|Any CPU.ActiveCfg = Release|Any CPU
		{A551F77B-1BF1-4EDC-A2F8-971AC85D5FDB}.Release|Any CPU.Build.0 = Release|Any CPU
	EndGlobalSection
	GlobalSection(SolutionProperties) = preSolution
		HideSolutionNode = FALSE
	EndGlobalSection
	GlobalSection(ExtensibilityGlobals) = postSolution
		SolutionGuid = {167AF5CA-573A-4F3E-83DC-0F13E8D3B6BC}
	EndGlobalSection
EndGlobal
